
Microsoft Visual Studio Solution File, Format Version 12.00
# Visual Studio Version 17
VisualStudioVersion = 17.4.33122.133
MinimumVisualStudioVersion = 10.0.40219.1
Project("{FAE04EC0-301F-11D3-BF4B-00C04F79EFBC}") = "HomeworkPlanner", "HomeworkPlanner\HomeworkPlanner.csproj", "{1A5840BA-9FEA-4F87-81B9-51D1EAF65C54}"
EndProject
Global
	GlobalSection(SolutionConfigurationPlatforms) = preSolution
		Debug|Any CPU = Debug|Any CPU
		Release|Any CPU = Release|Any CPU
	EndGlobalSection
	GlobalSection(ProjectConfigurationPlatforms) = postSolution
		{1A5840BA-9FEA-4F87-81B9-51D1EAF65C54}.Debug|Any CPU.ActiveCfg = Debug|Any CPU
		{1A5840BA-9FEA-4F87-81B9-51D1EAF65C54}.Debug|Any CPU.Build.0 = Debug|Any CPU
		{1A5840BA-9FEA-4F87-81B9-51D1EAF65C54}.Release|Any CPU.ActiveCfg = Release|Any CPU
		{1A5840BA-9FEA-4F87-81B9-51D1EAF65C54}.Release|Any CPU.Build.0 = Release|Any CPU
	EndGlobalSection
	GlobalSection(SolutionProperties) = preSolution
		HideSolutionNode = FALSE
	EndGlobalSection
	GlobalSection(ExtensibilityGlobals) = postSolution
		SolutionGuid = {A04AD89D-9CD6-475D-ABA2-D34EC5D4F741}
	EndGlobalSection
EndGlobal
